
Microsoft Visual Studio Solution File, Format Version 12.00
# Visual Studio Version 17
VisualStudioVersion = 17.4.33110.190
MinimumVisualStudioVersion = 10.0.40219.1
Project("{FAE04EC0-301F-11D3-BF4B-00C04F79EFBC}") = "StudentAdminPortal.API", "StudentAdminPortal.API\StudentAdminPortal.API.csproj", "{BD6799E9-83DC-4AF5-BA5C-4AF3611FAD43}"
EndProject
Global
	GlobalSection(SolutionConfigurationPlatforms) = preSolution
		Debug|Any CPU = Debug|Any CPU
		Release|Any CPU = Release|Any CPU
	EndGlobalSection
	GlobalSection(ProjectConfigurationPlatforms) = postSolution
		{BD6799E9-83DC-4AF5-BA5C-4AF3611FAD43}.Debug|Any CPU.ActiveCfg = Debug|Any CPU
		{BD6799E9-83DC-4AF5-BA5C-4AF3611FAD43}.Debug|Any CPU.Build.0 = Debug|Any CPU
		{BD6799E9-83DC-4AF5-BA5C-4AF3611FAD43}.Release|Any CPU.ActiveCfg = Release|Any CPU
		{BD6799E9-83DC-4AF5-BA5C-4AF3611FAD43}.Release|Any CPU.Build.0 = Release|Any CPU
	EndGlobalSection
	GlobalSection(SolutionProperties) = preSolution
		HideSolutionNode = FALSE
	EndGlobalSection
	GlobalSection(ExtensibilityGlobals) = postSolution
		SolutionGuid = {3F07038A-BC8B-4CCA-A7E0-F1C47E8F70FE}
	EndGlobalSection
EndGlobal
